
Microsoft Visual Studio Solution File, Format Version 12.00
# Visual Studio Version 18
VisualStudioVersion = 18.3.11218.70 d18.3
MinimumVisualStudioVersion = 10.0.40219.1
Project("{FAE04EC0-301F-11D3-BF4B-00C04F79EFBC}") = "GumballMachine", "GumballMachine\GumballMachine.csproj", "{58C1DE0D-A162-45F2-A4E8-2927A98E450A}"
EndProject
Project("{FAE04EC0-301F-11D3-BF4B-00C04F79EFBC}") = "GumballMachine_tests", "GumballMachine_tests\GumballMachine_tests.csproj", "{52CB1619-43F6-422C-BBAC-7F2F9CAE61A4}"
EndProject
Project("{FAE04EC0-301F-11D3-BF4B-00C04F79EFBC}") = "MultiGumballMachine", "MultiGumballMachine\MultiGumballMachine.csproj", "{29554929-8A79-479F-B402-A29A7E870707}"
EndProject
Global
	GlobalSection(SolutionConfigurationPlatforms) = preSolution
		Debug|Any CPU = Debug|Any CPU
		Release|Any CPU = Release|Any CPU
	EndGlobalSection
	GlobalSection(ProjectConfigurationPlatforms) = postSolution
		{58C1DE0D-A162-45F2-A4E8-2927A98E450A}.Debug|Any CPU.ActiveCfg = Debug|Any CPU
		{58C1DE0D-A162-45F2-A4E8-2927A98E450A}.Debug|Any CPU.Build.0 = Debug|Any CPU
		{58C1DE0D-A162-45F2-A4E8-2927A98E450A}.Release|Any CPU.ActiveCfg = Release|Any CPU
		{58C1DE0D-A162-45F2-A4E8-2927A98E450A}.Release|Any CPU.Build.0 = Release|Any CPU
		{52CB1619-43F6-422C-BBAC-7F2F9CAE61A4}.Debug|Any CPU.ActiveCfg = Debug|Any CPU
		{52CB1619-43F6-422C-BBAC-7F2F9CAE61A4}.Debug|Any CPU.Build.0 = Debug|Any CPU
		{52CB1619-43F6-422C-BBAC-7F2F9CAE61A4}.Release|Any CPU.ActiveCfg = Release|Any CPU
		{52CB1619-43F6-422C-BBAC-7F2F9CAE61A4}.Release|Any CPU.Build.0 = Release|Any CPU
		{29554929-8A79-479F-B402-A29A7E870707}.Debug|Any CPU.ActiveCfg = Debug|Any CPU
		{29554929-8A79-479F-B402-A29A7E870707}.Debug|Any CPU.Build.0 = Debug|Any CPU
		{29554929-8A79-479F-B402-A29A7E870707}.Release|Any CPU.ActiveCfg = Release|Any CPU
		{29554929-8A79-479F-B402-A29A7E870707}.Release|Any CPU.Build.0 = Release|Any CPU
	EndGlobalSection
	GlobalSection(SolutionProperties) = preSolution
		HideSolutionNode = FALSE
	EndGlobalSection
	GlobalSection(ExtensibilityGlobals) = postSolution
		SolutionGuid = {862F86E2-AFEF-4CC3-B7C5-C537D9A1FBC9}
	EndGlobalSection
EndGlobal
